// !$*UTF8*$!
{
	archiveVersion = 1;
	classes = {
	};
	objectVersion = 55;
	objects = {

/* Begin PBXBuildFile section */
		BA793A90283D842F00A07521 /* VehiclesViewModel.swift in Sources */ = {isa = PBXBuildFile; fileRef = BA793A8F283D842F00A07521 /* VehiclesViewModel.swift */; };
		BA793A94283D894D00A07521 /* MapViewUI.swift in Sources */ = {isa = PBXBuildFile; fileRef = BA793A93283D894C00A07521 /* MapViewUI.swift */; };
		BA793A96283E147B00A07521 /* MapViewUICoordinator.swift in Sources */ = {isa = PBXBuildFile; fileRef = BA793A95283E147B00A07521 /* MapViewUICoordinator.swift */; };
		BA793A98283E540800A07521 /* LocationClient.swift in Sources */ = {isa = PBXBuildFile; fileRef = BA793A97283E540700A07521 /* LocationClient.swift */; };
		BA793A9A283E54B100A07521 /* VehiclesViewModelEnvironment.swift in Sources */ = {isa = PBXBuildFile; fileRef = BA793A99283E54B100A07521 /* VehiclesViewModelEnvironment.swift */; };
		BA793A9D283E5BB700A07521 /* VehiclesServiceMock.swift in Sources */ = {isa = PBXBuildFile; fileRef = BA793A9C283E5BB700A07521 /* VehiclesServiceMock.swift */; };
		BA793A9F283E609500A07521 /* LocationClientMock.swift in Sources */ = {isa = PBXBuildFile; fileRef = BA793A9E283E609500A07521 /* LocationClientMock.swift */; };
		BA793AA1283E629800A07521 /* Vehicle+MKAnnotation.swift in Sources */ = {isa = PBXBuildFile; fileRef = BA793AA0283E629800A07521 /* Vehicle+MKAnnotation.swift */; };
		BA793AA3283E6B9F00A07521 /* AppEnvironment.swift in Sources */ = {isa = PBXBuildFile; fileRef = BA793AA2283E6B9F00A07521 /* AppEnvironment.swift */; };
		BA793AA6283E962500A07521 /* ToastView.swift in Sources */ = {isa = PBXBuildFile; fileRef = BA793AA5283E962500A07521 /* ToastView.swift */; };
		BA793AA9283EA61200A07521 /* VehicleDetailsView.swift in Sources */ = {isa = PBXBuildFile; fileRef = BA793AA8283EA61200A07521 /* VehicleDetailsView.swift */; };
		BA793AAB283EBFD400A07521 /* VehicleMock.swift in Sources */ = {isa = PBXBuildFile; fileRef = BA793AAA283EBFD400A07521 /* VehicleMock.swift */; };
		BA793AAD283ED4EA00A07521 /* VehicleServiceError.swift in Sources */ = {isa = PBXBuildFile; fileRef = BA793AAC283ED4E900A07521 /* VehicleServiceError.swift */; };
		BA793AAF283ED56800A07521 /* VehicleMapViewError.swift in Sources */ = {isa = PBXBuildFile; fileRef = BA793AAE283ED56800A07521 /* VehicleMapViewError.swift */; };
		BA793AB0283F810800A07521 /* LocationClientMock.swift in Sources */ = {isa = PBXBuildFile; fileRef = BA793A9E283E609500A07521 /* LocationClientMock.swift */; };
		BA793AB1283F810D00A07521 /* VehiclesServiceMock.swift in Sources */ = {isa = PBXBuildFile; fileRef = BA793A9C283E5BB700A07521 /* VehiclesServiceMock.swift */; };
		BA793AB2283F811600A07521 /* VehicleMock.swift in Sources */ = {isa = PBXBuildFile; fileRef = BA793AAA283EBFD400A07521 /* VehicleMock.swift */; };
		BA793AB3283F811600A07521 /* Vehicles.swift in Sources */ = {isa = PBXBuildFile; fileRef = BA79912C283C12D50060C6E8 /* Vehicles.swift */; };
		BA793AB4283F811600A07521 /* Vehicle+MKAnnotation.swift in Sources */ = {isa = PBXBuildFile; fileRef = BA793AA0283E629800A07521 /* Vehicle+MKAnnotation.swift */; };
		BA793AB5283F812200A07521 /* VehiclesViewModel.swift in Sources */ = {isa = PBXBuildFile; fileRef = BA793A8F283D842F00A07521 /* VehiclesViewModel.swift */; };
		BA793AB6283F812500A07521 /* VehiclesViewModelEnvironment.swift in Sources */ = {isa = PBXBuildFile; fileRef = BA793A99283E54B100A07521 /* VehiclesViewModelEnvironment.swift */; };
		BA793AB7283F812F00A07521 /* VehicleServiceError.swift in Sources */ = {isa = PBXBuildFile; fileRef = BA793AAC283ED4E900A07521 /* VehicleServiceError.swift */; };
		BA793AB8283F816900A07521 /* VehicleMapViewError.swift in Sources */ = {isa = PBXBuildFile; fileRef = BA793AAE283ED56800A07521 /* VehicleMapViewError.swift */; };
		BA7990FF283C09BF0060C6E8 /* AndreyRozhkovScootersOnMapApp.swift in Sources */ = {isa = PBXBuildFile; fileRef = BA7990FE283C09BF0060C6E8 /* AndreyRozhkovScootersOnMapApp.swift */; };
		BA799101283C09BF0060C6E8 /* VehiclesMapView.swift in Sources */ = {isa = PBXBuildFile; fileRef = BA799100283C09BF0060C6E8 /* VehiclesMapView.swift */; };
		BA799103283C09C30060C6E8 /* Assets.xcassets in Resources */ = {isa = PBXBuildFile; fileRef = BA799102283C09C30060C6E8 /* Assets.xcassets */; };
		BA799106283C09C30060C6E8 /* Preview Assets.xcassets in Resources */ = {isa = PBXBuildFile; fileRef = BA799105283C09C30060C6E8 /* Preview Assets.xcassets */; };
		BA799110283C09C30060C6E8 /* AndreyRozhkovScootersOnMapTests.swift in Sources */ = {isa = PBXBuildFile; fileRef = BA79910F283C09C30060C6E8 /* AndreyRozhkovScootersOnMapTests.swift */; };
		BA79911A283C09C40060C6E8 /* AndreyRozhkovScootersOnMapUITests.swift in Sources */ = {isa = PBXBuildFile; fileRef = BA799119283C09C40060C6E8 /* AndreyRozhkovScootersOnMapUITests.swift */; };
		BA79911C283C09C40060C6E8 /* AndreyRozhkovScootersOnMapUITestsLaunchTests.swift in Sources */ = {isa = PBXBuildFile; fileRef = BA79911B283C09C40060C6E8 /* AndreyRozhkovScootersOnMapUITestsLaunchTests.swift */; };
		BA79912A283C100B0060C6E8 /* VehiclesService.swift in Sources */ = {isa = PBXBuildFile; fileRef = BA799129283C100B0060C6E8 /* VehiclesService.swift */; };
		BA79912D283C12D50060C6E8 /* Vehicles.swift in Sources */ = {isa = PBXBuildFile; fileRef = BA79912C283C12D50060C6E8 /* Vehicles.swift */; };
/* End PBXBuildFile section */

/* Begin PBXContainerItemProxy section */
		BA79910C283C09C30060C6E8 /* PBXContainerItemProxy */ = {
			isa = PBXContainerItemProxy;
			containerPortal = BA7990F3283C09BF0060C6E8 /* Project object */;
			proxyType = 1;
			remoteGlobalIDString = BA7990FA283C09BF0060C6E8;
			remoteInfo = AndreyRozhkovScootersOnMap;
		};
		BA799116283C09C40060C6E8 /* PBXContainerItemProxy */ = {
			isa = PBXContainerItemProxy;
			containerPortal = BA7990F3283C09BF0060C6E8 /* Project object */;
			proxyType = 1;
			remoteGlobalIDString = BA7990FA283C09BF0060C6E8;
			remoteInfo = AndreyRozhkovScootersOnMap;
		};
/* End PBXContainerItemProxy section */

/* Begin PBXFileReference section */
		BA793A8F283D842F00A07521 /* VehiclesViewModel.swift */ = {isa = PBXFileReference; lastKnownFileType = sourcecode.swift; path = VehiclesViewModel.swift; sourceTree = "<group>"; };
		BA793A93283D894C00A07521 /* MapViewUI.swift */ = {isa = PBXFileReference; lastKnownFileType = sourcecode.swift; path = MapViewUI.swift; sourceTree = "<group>"; };
		BA793A95283E147B00A07521 /* MapViewUICoordinator.swift */ = {isa = PBXFileReference; lastKnownFileType = sourcecode.swift; path = MapViewUICoordinator.swift; sourceTree = "<group>"; };
		BA793A97283E540700A07521 /* LocationClient.swift */ = {isa = PBXFileReference; lastKnownFileType = sourcecode.swift; path = LocationClient.swift; sourceTree = "<group>"; };
		BA793A99283E54B100A07521 /* VehiclesViewModelEnvironment.swift */ = {isa = PBXFileReference; lastKnownFileType = sourcecode.swift; path = VehiclesViewModelEnvironment.swift; sourceTree = "<group>"; };
		BA793A9C283E5BB700A07521 /* VehiclesServiceMock.swift */ = {isa = PBXFileReference; lastKnownFileType = sourcecode.swift; path = VehiclesServiceMock.swift; sourceTree = "<group>"; };
		BA793A9E283E609500A07521 /* LocationClientMock.swift */ = {isa = PBXFileReference; lastKnownFileType = sourcecode.swift; path = LocationClientMock.swift; sourceTree = "<group>"; };
		BA793AA0283E629800A07521 /* Vehicle+MKAnnotation.swift */ = {isa = PBXFileReference; lastKnownFileType = sourcecode.swift; path = "Vehicle+MKAnnotation.swift"; sourceTree = "<group>"; };
		BA793AA2283E6B9F00A07521 /* AppEnvironment.swift */ = {isa = PBXFileReference; lastKnownFileType = sourcecode.swift; path = AppEnvironment.swift; sourceTree = "<group>"; };
		BA793AA5283E962500A07521 /* ToastView.swift */ = {isa = PBXFileReference; lastKnownFileType = sourcecode.swift; path = ToastView.swift; sourceTree = "<group>"; };
		BA793AA8283EA61200A07521 /* VehicleDetailsView.swift */ = {isa = PBXFileReference; lastKnownFileType = sourcecode.swift; path = VehicleDetailsView.swift; sourceTree = "<group>"; };
		BA793AAA283EBFD400A07521 /* VehicleMock.swift */ = {isa = PBXFileReference; lastKnownFileType = sourcecode.swift; path = VehicleMock.swift; sourceTree = "<group>"; };
		BA793AAC283ED4E900A07521 /* VehicleServiceError.swift */ = {isa = PBXFileReference; lastKnownFileType = sourcecode.swift; path = VehicleServiceError.swift; sourceTree = "<group>"; };
		BA793AAE283ED56800A07521 /* VehicleMapViewError.swift */ = {isa = PBXFileReference; lastKnownFileType = sourcecode.swift; path = VehicleMapViewError.swift; sourceTree = "<group>"; };
		BA7990FB283C09BF0060C6E8 /* AndreyRozhkovScootersOnMap.app */ = {isa = PBXFileReference; explicitFileType = wrapper.application; includeInIndex = 0; path = AndreyRozhkovScootersOnMap.app; sourceTree = BUILT_PRODUCTS_DIR; };
		BA7990FE283C09BF0060C6E8 /* AndreyRozhkovScootersOnMapApp.swift */ = {isa = PBXFileReference; lastKnownFileType = sourcecode.swift; path = AndreyRozhkovScootersOnMapApp.swift; sourceTree = "<group>"; };
		BA799100283C09BF0060C6E8 /* VehiclesMapView.swift */ = {isa = PBXFileReference; lastKnownFileType = sourcecode.swift; path = VehiclesMapView.swift; sourceTree = "<group>"; };
		BA799102283C09C30060C6E8 /* Assets.xcassets */ = {isa = PBXFileReference; lastKnownFileType = folder.assetcatalog; path = Assets.xcassets; sourceTree = "<group>"; };
		BA799105283C09C30060C6E8 /* Preview Assets.xcassets */ = {isa = PBXFileReference; lastKnownFileType = folder.assetcatalog; path = "Preview Assets.xcassets"; sourceTree = "<group>"; };
		BA79910B283C09C30060C6E8 /* AndreyRozhkovScootersOnMapTests.xctest */ = {isa = PBXFileReference; explicitFileType = wrapper.cfbundle; includeInIndex = 0; path = AndreyRozhkovScootersOnMapTests.xctest; sourceTree = BUILT_PRODUCTS_DIR; };
		BA79910F283C09C30060C6E8 /* AndreyRozhkovScootersOnMapTests.swift */ = {isa = PBXFileReference; lastKnownFileType = sourcecode.swift; path = AndreyRozhkovScootersOnMapTests.swift; sourceTree = "<group>"; };
		BA799115283C09C40060C6E8 /* AndreyRozhkovScootersOnMapUITests.xctest */ = {isa = PBXFileReference; explicitFileType = wrapper.cfbundle; includeInIndex = 0; path = AndreyRozhkovScootersOnMapUITests.xctest; sourceTree = BUILT_PRODUCTS_DIR; };
		BA799119283C09C40060C6E8 /* AndreyRozhkovScootersOnMapUITests.swift */ = {isa = PBXFileReference; lastKnownFileType = sourcecode.swift; path = AndreyRozhkovScootersOnMapUITests.swift; sourceTree = "<group>"; };
		BA79911B283C09C40060C6E8 /* AndreyRozhkovScootersOnMapUITestsLaunchTests.swift */ = {isa = PBXFileReference; lastKnownFileType = sourcecode.swift; path = AndreyRozhkovScootersOnMapUITestsLaunchTests.swift; sourceTree = "<group>"; };
		BA799129283C100B0060C6E8 /* VehiclesService.swift */ = {isa = PBXFileReference; lastKnownFileType = sourcecode.swift; path = VehiclesService.swift; sourceTree = "<group>"; };
		BA79912C283C12D50060C6E8 /* Vehicles.swift */ = {isa = PBXFileReference; lastKnownFileType = sourcecode.swift; path = Vehicles.swift; sourceTree = "<group>"; };
/* End PBXFileReference section */

/* Begin PBXFrameworksBuildPhase section */
		BA7990F8283C09BF0060C6E8 /* Frameworks */ = {
			isa = PBXFrameworksBuildPhase;
			buildActionMask = 2147483647;
			files = (
			);
			runOnlyForDeploymentPostprocessing = 0;
		};
		BA799108283C09C30060C6E8 /* Frameworks */ = {
			isa = PBXFrameworksBuildPhase;
			buildActionMask = 2147483647;
			files = (
			);
			runOnlyForDeploymentPostprocessing = 0;
		};
		BA799112283C09C40060C6E8 /* Frameworks */ = {
			isa = PBXFrameworksBuildPhase;
			buildActionMask = 2147483647;
			files = (
			);
			runOnlyForDeploymentPostprocessing = 0;
		};
/* End PBXFrameworksBuildPhase section */

/* Begin PBXGroup section */
		BA793A91283D88D300A07521 /* VehiclesMapView */ = {
			isa = PBXGroup;
			children = (
				BA799100283C09BF0060C6E8 /* VehiclesMapView.swift */,
				BA793A8F283D842F00A07521 /* VehiclesViewModel.swift */,
				BA793A99283E54B100A07521 /* VehiclesViewModelEnvironment.swift */,
				BA793AAE283ED56800A07521 /* VehicleMapViewError.swift */,
				BA793A92283D88D300A07521 /* MapViewUI */,
			);
			path = VehiclesMapView;
			sourceTree = "<group>";
		};
		BA793A92283D88D300A07521 /* MapViewUI */ = {
			isa = PBXGroup;
			children = (
				BA793A93283D894C00A07521 /* MapViewUI.swift */,
				BA793A95283E147B00A07521 /* MapViewUICoordinator.swift */,
			);
			path = MapViewUI;
			sourceTree = "<group>";
		};
		BA793A9B283E569500A07521 /* Clients */ = {
			isa = PBXGroup;
			children = (
				BA799128283C0FF40060C6E8 /* VehiclesService */,
				BA793A97283E540700A07521 /* LocationClient.swift */,
				BA793A9E283E609500A07521 /* LocationClientMock.swift */,
			);
			path = Clients;
			sourceTree = "<group>";
		};
		BA793AA4283E961C00A07521 /* SnackView */ = {
			isa = PBXGroup;
			children = (
				BA793AA5283E962500A07521 /* ToastView.swift */,
			);
			path = SnackView;
			sourceTree = "<group>";
		};
		BA793AA7283EA60400A07521 /* VehicleDetailsView */ = {
			isa = PBXGroup;
			children = (
				BA793AA8283EA61200A07521 /* VehicleDetailsView.swift */,
			);
			path = VehicleDetailsView;
			sourceTree = "<group>";
		};
		BA7990F2283C09BF0060C6E8 = {
			isa = PBXGroup;
			children = (
				BA7990FD283C09BF0060C6E8 /* AndreyRozhkovScootersOnMap */,
				BA79910E283C09C30060C6E8 /* AndreyRozhkovScootersOnMapTests */,
				BA799118283C09C40060C6E8 /* AndreyRozhkovScootersOnMapUITests */,
				BA7990FC283C09BF0060C6E8 /* Products */,
			);
			sourceTree = "<group>";
		};
		BA7990FC283C09BF0060C6E8 /* Products */ = {
			isa = PBXGroup;
			children = (
				BA7990FB283C09BF0060C6E8 /* AndreyRozhkovScootersOnMap.app */,
				BA79910B283C09C30060C6E8 /* AndreyRozhkovScootersOnMapTests.xctest */,
				BA799115283C09C40060C6E8 /* AndreyRozhkovScootersOnMapUITests.xctest */,
			);
			name = Products;
			sourceTree = "<group>";
		};
		BA7990FD283C09BF0060C6E8 /* AndreyRozhkovScootersOnMap */ = {
			isa = PBXGroup;
			children = (
				BA7990FE283C09BF0060C6E8 /* AndreyRozhkovScootersOnMapApp.swift */,
				BA793AA2283E6B9F00A07521 /* AppEnvironment.swift */,
				BA793AA7283EA60400A07521 /* VehicleDetailsView */,
				BA793AA4283E961C00A07521 /* SnackView */,
				BA793A91283D88D300A07521 /* VehiclesMapView */,
				BA799102283C09C30060C6E8 /* Assets.xcassets */,
				BA793A9B283E569500A07521 /* Clients */,
				BA79912B283C12C80060C6E8 /* Models */,
				BA799104283C09C30060C6E8 /* Preview Content */,
			);
			path = AndreyRozhkovScootersOnMap;
			sourceTree = "<group>";
		};
		BA799104283C09C30060C6E8 /* Preview Content */ = {
			isa = PBXGroup;
			children = (
				BA799105283C09C30060C6E8 /* Preview Assets.xcassets */,
			);
			path = "Preview Content";
			sourceTree = "<group>";
		};
		BA79910E283C09C30060C6E8 /* AndreyRozhkovScootersOnMapTests */ = {
			isa = PBXGroup;
			children = (
				BA79910F283C09C30060C6E8 /* AndreyRozhkovScootersOnMapTests.swift */,
			);
			path = AndreyRozhkovScootersOnMapTests;
			sourceTree = "<group>";
		};
		BA799118283C09C40060C6E8 /* AndreyRozhkovScootersOnMapUITests */ = {
			isa = PBXGroup;
			children = (
				BA799119283C09C40060C6E8 /* AndreyRozhkovScootersOnMapUITests.swift */,
				BA79911B283C09C40060C6E8 /* AndreyRozhkovScootersOnMapUITestsLaunchTests.swift */,
			);
			path = AndreyRozhkovScootersOnMapUITests;
			sourceTree = "<group>";
		};
		BA799128283C0FF40060C6E8 /* VehiclesService */ = {
			isa = PBXGroup;
			children = (
				BA799129283C100B0060C6E8 /* VehiclesService.swift */,
				BA793A9C283E5BB700A07521 /* VehiclesServiceMock.swift */,
				BA793AAC283ED4E900A07521 /* VehicleServiceError.swift */,
			);
			path = VehiclesService;
			sourceTree = "<group>";
		};
		BA79912B283C12C80060C6E8 /* Models */ = {
			isa = PBXGroup;
			children = (
				BA79912C283C12D50060C6E8 /* Vehicles.swift */,
				BA793AA0283E629800A07521 /* Vehicle+MKAnnotation.swift */,
				BA793AAA283EBFD400A07521 /* VehicleMock.swift */,
			);
			path = Models;
			sourceTree = "<group>";
		};
/* End PBXGroup section */

/* Begin PBXNativeTarget section */
		BA7990FA283C09BF0060C6E8 /* AndreyRozhkovScootersOnMap */ = {
			isa = PBXNativeTarget;
			buildConfigurationList = BA79911F283C09C40060C6E8 /* Build configuration list for PBXNativeTarget "AndreyRozhkovScootersOnMap" */;
			buildPhases = (
				BA7990F7283C09BF0060C6E8 /* Sources */,
				BA7990F8283C09BF0060C6E8 /* Frameworks */,
				BA7990F9283C09BF0060C6E8 /* Resources */,
			);
			buildRules = (
			);
			dependencies = (
			);
			name = AndreyRozhkovScootersOnMap;
			productName = AndreyRozhkovScootersOnMap;
			productReference = BA7990FB283C09BF0060C6E8 /* AndreyRozhkovScootersOnMap.app */;
			productType = "com.apple.product-type.application";
		};
		BA79910A283C09C30060C6E8 /* AndreyRozhkovScootersOnMapTests */ = {
			isa = PBXNativeTarget;
			buildConfigurationList = BA799122283C09C40060C6E8 /* Build configuration list for PBXNativeTarget "AndreyRozhkovScootersOnMapTests" */;
			buildPhases = (
				BA799107283C09C30060C6E8 /* Sources */,
				BA799108283C09C30060C6E8 /* Frameworks */,
				BA799109283C09C30060C6E8 /* Resources */,
			);
			buildRules = (
			);
			dependencies = (
				BA79910D283C09C30060C6E8 /* PBXTargetDependency */,
			);
			name = AndreyRozhkovScootersOnMapTests;
			productName = AndreyRozhkovScootersOnMapTests;
			productReference = BA79910B283C09C30060C6E8 /* AndreyRozhkovScootersOnMapTests.xctest */;
			productType = "com.apple.product-type.bundle.unit-test";
		};
		BA799114283C09C40060C6E8 /* AndreyRozhkovScootersOnMapUITests */ = {
			isa = PBXNativeTarget;
			buildConfigurationList = BA799125283C09C40060C6E8 /* Build configuration list for PBXNativeTarget "AndreyRozhkovScootersOnMapUITests" */;
			buildPhases = (
				BA799111283C09C40060C6E8 /* Sources */,
				BA799112283C09C40060C6E8 /* Frameworks */,
				BA799113283C09C40060C6E8 /* Resources */,
			);
			buildRules = (
			);
			dependencies = (
				BA799117283C09C40060C6E8 /* PBXTargetDependency */,
			);
			name = AndreyRozhkovScootersOnMapUITests;
			productName = AndreyRozhkovScootersOnMapUITests;
			productReference = BA799115283C09C40060C6E8 /* AndreyRozhkovScootersOnMapUITests.xctest */;
			productType = "com.apple.product-type.bundle.ui-testing";
		};
/* End PBXNativeTarget section */

/* Begin PBXProject section */
		BA7990F3283C09BF0060C6E8 /* Project object */ = {
			isa = PBXProject;
			attributes = {
				BuildIndependentTargetsInParallel = 1;
				LastSwiftUpdateCheck = 1330;
				LastUpgradeCheck = 1330;
				TargetAttributes = {
					BA7990FA283C09BF0060C6E8 = {
						CreatedOnToolsVersion = 13.3.1;
					};
					BA79910A283C09C30060C6E8 = {
						CreatedOnToolsVersion = 13.3.1;
						TestTargetID = BA7990FA283C09BF0060C6E8;
					};
					BA799114283C09C40060C6E8 = {
						CreatedOnToolsVersion = 13.3.1;
						TestTargetID = BA7990FA283C09BF0060C6E8;
					};
				};
			};
			buildConfigurationList = BA7990F6283C09BF0060C6E8 /* Build configuration list for PBXProject "AndreyRozhkovScootersOnMap" */;
			compatibilityVersion = "Xcode 13.0";
			developmentRegion = en;
			hasScannedForEncodings = 0;
			knownRegions = (
				en,
				Base,
			);
			mainGroup = BA7990F2283C09BF0060C6E8;
			productRefGroup = BA7990FC283C09BF0060C6E8 /* Products */;
			projectDirPath = "";
			projectRoot = "";
			targets = (
				BA7990FA283C09BF0060C6E8 /* AndreyRozhkovScootersOnMap */,
				BA79910A283C09C30060C6E8 /* AndreyRozhkovScootersOnMapTests */,
				BA799114283C09C40060C6E8 /* AndreyRozhkovScootersOnMapUITests */,
			);
		};
/* End PBXProject section */

/* Begin PBXResourcesBuildPhase section */
		BA7990F9283C09BF0060C6E8 /* Resources */ = {
			isa = PBXResourcesBuildPhase;
			buildActionMask = 2147483647;
			files = (
				BA799106283C09C30060C6E8 /* Preview Assets.xcassets in Resources */,
				BA799103283C09C30060C6E8 /* Assets.xcassets in Resources */,
			);
			runOnlyForDeploymentPostprocessing = 0;
		};
		BA799109283C09C30060C6E8 /* Resources */ = {
			isa = PBXResourcesBuildPhase;
			buildActionMask = 2147483647;
			files = (
			);
			runOnlyForDeploymentPostprocessing = 0;
		};
		BA799113283C09C40060C6E8 /* Resources */ = {
			isa = PBXResourcesBuildPhase;
			buildActionMask = 2147483647;
			files = (
			);
			runOnlyForDeploymentPostprocessing = 0;
		};
/* End PBXResourcesBuildPhase section */

/* Begin PBXSourcesBuildPhase section */
		BA7990F7283C09BF0060C6E8 /* Sources */ = {
			isa = PBXSourcesBuildPhase;
			buildActionMask = 2147483647;
			files = (
				BA793A9A283E54B100A07521 /* VehiclesViewModelEnvironment.swift in Sources */,
				BA793A94283D894D00A07521 /* MapViewUI.swift in Sources */,
				BA79912D283C12D50060C6E8 /* Vehicles.swift in Sources */,
				BA793AA1283E629800A07521 /* Vehicle+MKAnnotation.swift in Sources */,
				BA793AA9283EA61200A07521 /* VehicleDetailsView.swift in Sources */,
				BA793A96283E147B00A07521 /* MapViewUICoordinator.swift in Sources */,
				BA793AAB283EBFD400A07521 /* VehicleMock.swift in Sources */,
				BA793A9D283E5BB700A07521 /* VehiclesServiceMock.swift in Sources */,
				BA799101283C09BF0060C6E8 /* VehiclesMapView.swift in Sources */,
				BA793A9F283E609500A07521 /* LocationClientMock.swift in Sources */,
				BA793AAD283ED4EA00A07521 /* VehicleServiceError.swift in Sources */,
				BA793AA3283E6B9F00A07521 /* AppEnvironment.swift in Sources */,
				BA79912A283C100B0060C6E8 /* VehiclesService.swift in Sources */,
				BA7990FF283C09BF0060C6E8 /* AndreyRozhkovScootersOnMapApp.swift in Sources */,
				BA793AA6283E962500A07521 /* ToastView.swift in Sources */,
				BA793AAF283ED56800A07521 /* VehicleMapViewError.swift in Sources */,
				BA793A90283D842F00A07521 /* VehiclesViewModel.swift in Sources */,
				BA793A98283E540800A07521 /* LocationClient.swift in Sources */,
			);
			runOnlyForDeploymentPostprocessing = 0;
		};
		BA799107283C09C30060C6E8 /* Sources */ = {
			isa = PBXSourcesBuildPhase;
			buildActionMask = 2147483647;
			files = (
				BA799110283C09C30060C6E8 /* AndreyRozhkovScootersOnMapTests.swift in Sources */,
				BA793AB8283F816900A07521 /* VehicleMapViewError.swift in Sources */,
				BA793AB0283F810800A07521 /* LocationClientMock.swift in Sources */,
				BA793AB5283F812200A07521 /* VehiclesViewModel.swift in Sources */,
				BA793AB2283F811600A07521 /* VehicleMock.swift in Sources */,
				BA793AB4283F811600A07521 /* Vehicle+MKAnnotation.swift in Sources */,
				BA793AB6283F812500A07521 /* VehiclesViewModelEnvironment.swift in Sources */,
				BA793AB3283F811600A07521 /* Vehicles.swift in Sources */,
				BA793AB7283F812F00A07521 /* VehicleServiceError.swift in Sources */,
				BA793AB1283F810D00A07521 /* VehiclesServiceMock.swift in Sources */,
			);
			runOnlyForDeploymentPostprocessing = 0;
		};
		BA799111283C09C40060C6E8 /* Sources */ = {
			isa = PBXSourcesBuildPhase;
			buildActionMask = 2147483647;
			files = (
				BA79911A283C09C40060C6E8 /* AndreyRozhkovScootersOnMapUITests.swift in Sources */,
				BA79911C283C09C40060C6E8 /* AndreyRozhkovScootersOnMapUITestsLaunchTests.swift in Sources */,
			);
			runOnlyForDeploymentPostprocessing = 0;
		};
/* End PBXSourcesBuildPhase section */

/* Begin PBXTargetDependency section */
		BA79910D283C09C30060C6E8 /* PBXTargetDependency */ = {
			isa = PBXTargetDependency;
			target = BA7990FA283C09BF0060C6E8 /* AndreyRozhkovScootersOnMap */;
			targetProxy = BA79910C283C09C30060C6E8 /* PBXContainerItemProxy */;
		};
		BA799117283C09C40060C6E8 /* PBXTargetDependency */ = {
			isa = PBXTargetDependency;
			target = BA7990FA283C09BF0060C6E8 /* AndreyRozhkovScootersOnMap */;
			targetProxy = BA799116283C09C40060C6E8 /* PBXContainerItemProxy */;
		};
/* End PBXTargetDependency section */

/* Begin XCBuildConfiguration section */
		BA79911D283C09C40060C6E8 /* Debug */ = {
			isa = XCBuildConfiguration;
			buildSettings = {
				ALWAYS_SEARCH_USER_PATHS = NO;
				CLANG_ANALYZER_NONNULL = YES;
				CLANG_ANALYZER_NUMBER_OBJECT_CONVERSION = YES_AGGRESSIVE;
				CLANG_CXX_LANGUAGE_STANDARD = "gnu++17";
				CLANG_ENABLE_MODULES = YES;
				CLANG_ENABLE_OBJC_ARC = YES;
				CLANG_ENABLE_OBJC_WEAK = YES;
				CLANG_WARN_BLOCK_CAPTURE_AUTORELEASING = YES;
				CLANG_WARN_BOOL_CONVERSION = YES;
				CLANG_WARN_COMMA = YES;
				CLANG_WARN_CONSTANT_CONVERSION = YES;
				CLANG_WARN_DEPRECATED_OBJC_IMPLEMENTATIONS = YES;
				CLANG_WARN_DIRECT_OBJC_ISA_USAGE = YES_ERROR;
				CLANG_WARN_DOCUMENTATION_COMMENTS = YES;
				CLANG_WARN_EMPTY_BODY = YES;
				CLANG_WARN_ENUM_CONVERSION = YES;
				CLANG_WARN_INFINITE_RECURSION = YES;
				CLANG_WARN_INT_CONVERSION = YES;
				CLANG_WARN_NON_LITERAL_NULL_CONVERSION = YES;
				CLANG_WARN_OBJC_IMPLICIT_RETAIN_SELF = YES;
				CLANG_WARN_OBJC_LITERAL_CONVERSION = YES;
				CLANG_WARN_OBJC_ROOT_CLASS = YES_ERROR;
				CLANG_WARN_QUOTED_INCLUDE_IN_FRAMEWORK_HEADER = YES;
				CLANG_WARN_RANGE_LOOP_ANALYSIS = YES;
				CLANG_WARN_STRICT_PROTOTYPES = YES;
				CLANG_WARN_SUSPICIOUS_MOVE = YES;
				CLANG_WARN_UNGUARDED_AVAILABILITY = YES_AGGRESSIVE;
				CLANG_WARN_UNREACHABLE_CODE = YES;
				CLANG_WARN__DUPLICATE_METHOD_MATCH = YES;
				COPY_PHASE_STRIP = NO;
				DEBUG_INFORMATION_FORMAT = dwarf;
				ENABLE_STRICT_OBJC_MSGSEND = YES;
				ENABLE_TESTABILITY = YES;
				GCC_C_LANGUAGE_STANDARD = gnu11;
				GCC_DYNAMIC_NO_PIC = NO;
				GCC_NO_COMMON_BLOCKS = YES;
				GCC_OPTIMIZATION_LEVEL = 0;
				GCC_PREPROCESSOR_DEFINITIONS = (
					"DEBUG=1",
					"$(inherited)",
				);
				GCC_WARN_64_TO_32_BIT_CONVERSION = YES;
				GCC_WARN_ABOUT_RETURN_TYPE = YES_ERROR;
				GCC_WARN_UNDECLARED_SELECTOR = YES;
				GCC_WARN_UNINITIALIZED_AUTOS = YES_AGGRESSIVE;
				GCC_WARN_UNUSED_FUNCTION = YES;
				GCC_WARN_UNUSED_VARIABLE = YES;
				IPHONEOS_DEPLOYMENT_TARGET = 15.0;
				MTL_ENABLE_DEBUG_INFO = INCLUDE_SOURCE;
				MTL_FAST_MATH = YES;
				ONLY_ACTIVE_ARCH = YES;
				SDKROOT = iphoneos;
				SWIFT_ACTIVE_COMPILATION_CONDITIONS = DEBUG;
				SWIFT_OPTIMIZATION_LEVEL = "-Onone";
			};
			name = Debug;
		};
		BA79911E283C09C40060C6E8 /* Release */ = {
			isa = XCBuildConfiguration;
			buildSettings = {
				ALWAYS_SEARCH_USER_PATHS = NO;
				CLANG_ANALYZER_NONNULL = YES;
				CLANG_ANALYZER_NUMBER_OBJECT_CONVERSION = YES_AGGRESSIVE;
				CLANG_CXX_LANGUAGE_STANDARD = "gnu++17";
				CLANG_ENABLE_MODULES = YES;
				CLANG_ENABLE_OBJC_ARC = YES;
				CLANG_ENABLE_OBJC_WEAK = YES;
				CLANG_WARN_BLOCK_CAPTURE_AUTORELEASING = YES;
				CLANG_WARN_BOOL_CONVERSION = YES;
				CLANG_WARN_COMMA = YES;
				CLANG_WARN_CONSTANT_CONVERSION = YES;
				CLANG_WARN_DEPRECATED_OBJC_IMPLEMENTATIONS = YES;
				CLANG_WARN_DIRECT_OBJC_ISA_USAGE = YES_ERROR;
				CLANG_WARN_DOCUMENTATION_COMMENTS = YES;
				CLANG_WARN_EMPTY_BODY = YES;
				CLANG_WARN_ENUM_CONVERSION = YES;
				CLANG_WARN_INFINITE_RECURSION = YES;
				CLANG_WARN_INT_CONVERSION = YES;
				CLANG_WARN_NON_LITERAL_NULL_CONVERSION = YES;
				CLANG_WARN_OBJC_IMPLICIT_RETAIN_SELF = YES;
				CLANG_WARN_OBJC_LITERAL_CONVERSION = YES;
				CLANG_WARN_OBJC_ROOT_CLASS = YES_ERROR;
				CLANG_WARN_QUOTED_INCLUDE_IN_FRAMEWORK_HEADER = YES;
				CLANG_WARN_RANGE_LOOP_ANALYSIS = YES;
				CLANG_WARN_STRICT_PROTOTYPES = YES;
				CLANG_WARN_SUSPICIOUS_MOVE = YES;
				CLANG_WARN_UNGUARDED_AVAILABILITY = YES_AGGRESSIVE;
				CLANG_WARN_UNREACHABLE_CODE = YES;
				CLANG_WARN__DUPLICATE_METHOD_MATCH = YES;
				COPY_PHASE_STRIP = NO;
				DEBUG_INFORMATION_FORMAT = "dwarf-with-dsym";
				ENABLE_NS_ASSERTIONS = NO;
				ENABLE_STRICT_OBJC_MSGSEND = YES;
				GCC_C_LANGUAGE_STANDARD = gnu11;
				GCC_NO_COMMON_BLOCKS = YES;
				GCC_WARN_64_TO_32_BIT_CONVERSION = YES;
				GCC_WARN_ABOUT_RETURN_TYPE = YES_ERROR;
				GCC_WARN_UNDECLARED_SELECTOR = YES;
				GCC_WARN_UNINITIALIZED_AUTOS = YES_AGGRESSIVE;
				GCC_WARN_UNUSED_FUNCTION = YES;
				GCC_WARN_UNUSED_VARIABLE = YES;
				IPHONEOS_DEPLOYMENT_TARGET = 15.0;
				MTL_ENABLE_DEBUG_INFO = NO;
				MTL_FAST_MATH = YES;
				SDKROOT = iphoneos;
				SWIFT_COMPILATION_MODE = wholemodule;
				SWIFT_OPTIMIZATION_LEVEL = "-O";
				VALIDATE_PRODUCT = YES;
			};
			name = Release;
		};
		BA799120283C09C40060C6E8 /* Debug */ = {
			isa = XCBuildConfiguration;
			buildSettings = {
				ASSETCATALOG_COMPILER_APPICON_NAME = AppIcon;
				ASSETCATALOG_COMPILER_GLOBAL_ACCENT_COLOR_NAME = AccentColor;
				CODE_SIGN_STYLE = Automatic;
				CURRENT_PROJECT_VERSION = 1;
				DEVELOPMENT_ASSET_PATHS = "\"AndreyRozhkovScootersOnMap/Preview Content\"";
				DEVELOPMENT_TEAM = QBSXFBQ697;
				ENABLE_PREVIEWS = YES;
				GENERATE_INFOPLIST_FILE = YES;
				INFOPLIST_KEY_NSLocationWhenInUseUsageDescription = "Your location will help to find scooters nearby.";
				INFOPLIST_KEY_UIApplicationSceneManifest_Generation = YES;
				INFOPLIST_KEY_UIApplicationSupportsIndirectInputEvents = YES;
				INFOPLIST_KEY_UILaunchScreen_Generation = YES;
				INFOPLIST_KEY_UISupportedInterfaceOrientations_iPad = "UIInterfaceOrientationPortrait UIInterfaceOrientationPortraitUpsideDown UIInterfaceOrientationLandscapeLeft UIInterfaceOrientationLandscapeRight";
				INFOPLIST_KEY_UISupportedInterfaceOrientations_iPhone = UIInterfaceOrientationPortrait;
				LD_RUNPATH_SEARCH_PATHS = (
					"$(inherited)",
					"@executable_path/Frameworks",
				);
				MARKETING_VERSION = 1.0;
				PRODUCT_BUNDLE_IDENTIFIER = andreyrozhkov.AndreyRozhkovScootersOnMap;
				PRODUCT_NAME = "$(TARGET_NAME)";
				SWIFT_EMIT_LOC_STRINGS = YES;
				SWIFT_VERSION = 5.0;
				TARGETED_DEVICE_FAMILY = "1,2";
			};
			name = Debug;
		};
		BA799121283C09C40060C6E8 /* Release */ = {
			isa = XCBuildConfiguration;
			buildSettings = {
				ASSETCATALOG_COMPILER_APPICON_NAME = AppIcon;
				ASSETCATALOG_COMPILER_GLOBAL_ACCENT_COLOR_NAME = AccentColor;
				CODE_SIGN_STYLE = Automatic;
				CURRENT_PROJECT_VERSION = 1;
				DEVELOPMENT_ASSET_PATHS = "\"AndreyRozhkovScootersOnMap/Preview Content\"";
				DEVELOPMENT_TEAM = QBSXFBQ697;
				ENABLE_PREVIEWS = YES;
				GENERATE_INFOPLIST_FILE = YES;
				INFOPLIST_KEY_NSLocationWhenInUseUsageDescription = "Your location will help to find scooters nearby.";
				INFOPLIST_KEY_UIApplicationSceneManifest_Generation = YES;
				INFOPLIST_KEY_UIApplicationSupportsIndirectInputEvents = YES;
				INFOPLIST_KEY_UILaunchScreen_Generation = YES;
				INFOPLIST_KEY_UISupportedInterfaceOrientations_iPad = "UIInterfaceOrientationPortrait UIInterfaceOrientationPortraitUpsideDown UIInterfaceOrientationLandscapeLeft UIInterfaceOrientationLandscapeRight";
				INFOPLIST_KEY_UISupportedInterfaceOrientations_iPhone = UIInterfaceOrientationPortrait;
				LD_RUNPATH_SEARCH_PATHS = (
					"$(inherited)",
					"@executable_path/Frameworks",
				);
				MARKETING_VERSION = 1.0;
				PRODUCT_BUNDLE_IDENTIFIER = andreyrozhkov.AndreyRozhkovScootersOnMap;
				PRODUCT_NAME = "$(TARGET_NAME)";
				SWIFT_EMIT_LOC_STRINGS = YES;
				SWIFT_VERSION = 5.0;
				TARGETED_DEVICE_FAMILY = "1,2";
			};
			name = Release;
		};
		BA799123283C09C40060C6E8 /* Debug */ = {
			isa = XCBuildConfiguration;
			buildSettings = {
				ALWAYS_EMBED_SWIFT_STANDARD_LIBRARIES = YES;
				BUNDLE_LOADER = "$(TEST_HOST)";
				CODE_SIGN_STYLE = Automatic;
				CURRENT_PROJECT_VERSION = 1;
				DEVELOPMENT_TEAM = QBSXFBQ697;
				GENERATE_INFOPLIST_FILE = YES;
				IPHONEOS_DEPLOYMENT_TARGET = 15.0;
				MARKETING_VERSION = 1.0;
				PRODUCT_BUNDLE_IDENTIFIER = andreyrozhkov.AndreyRozhkovScootersOnMapTests;
				PRODUCT_NAME = "$(TARGET_NAME)";
				SWIFT_EMIT_LOC_STRINGS = NO;
				SWIFT_VERSION = 5.0;
				TARGETED_DEVICE_FAMILY = "1,2";
				TEST_HOST = "$(BUILT_PRODUCTS_DIR)/AndreyRozhkovScootersOnMap.app/AndreyRozhkovScootersOnMap";
			};
			name = Debug;
		};
		BA799124283C09C40060C6E8 /* Release */ = {
			isa = XCBuildConfiguration;
			buildSettings = {
				ALWAYS_EMBED_SWIFT_STANDARD_LIBRARIES = YES;
				BUNDLE_LOADER = "$(TEST_HOST)";
				CODE_SIGN_STYLE = Automatic;
				CURRENT_PROJECT_VERSION = 1;
				DEVELOPMENT_TEAM = QBSXFBQ697;
				GENERATE_INFOPLIST_FILE = YES;
				IPHONEOS_DEPLOYMENT_TARGET = 15.0;
				MARKETING_VERSION = 1.0;
				PRODUCT_BUNDLE_IDENTIFIER = andreyrozhkov.AndreyRozhkovScootersOnMapTests;
				PRODUCT_NAME = "$(TARGET_NAME)";
				SWIFT_EMIT_LOC_STRINGS = NO;
				SWIFT_VERSION = 5.0;
				TARGETED_DEVICE_FAMILY = "1,2";
				TEST_HOST = "$(BUILT_PRODUCTS_DIR)/AndreyRozhkovScootersOnMap.app/AndreyRozhkovScootersOnMap";
			};
			name = Release;
		};
		BA799126283C09C40060C6E8 /* Debug */ = {
			isa = XCBuildConfiguration;
			buildSettings = {
				ALWAYS_EMBED_SWIFT_STANDARD_LIBRARIES = YES;
				CODE_SIGN_STYLE = Automatic;
				CURRENT_PROJECT_VERSION = 1;
				DEVELOPMENT_TEAM = QBSXFBQ697;
				GENERATE_INFOPLIST_FILE = YES;
				MARKETING_VERSION = 1.0;
				PRODUCT_BUNDLE_IDENTIFIER = andreyrozhkov.AndreyRozhkovScootersOnMapUITests;
				PRODUCT_NAME = "$(TARGET_NAME)";
				SWIFT_EMIT_LOC_STRINGS = NO;
				SWIFT_VERSION = 5.0;
				TARGETED_DEVICE_FAMILY = "1,2";
				TEST_TARGET_NAME = AndreyRozhkovScootersOnMap;
			};
			name = Debug;
		};
		BA799127283C09C40060C6E8 /* Release */ = {
			isa = XCBuildConfiguration;
			buildSettings = {
				ALWAYS_EMBED_SWIFT_STANDARD_LIBRARIES = YES;
				CODE_SIGN_STYLE = Automatic;
				CURRENT_PROJECT_VERSION = 1;
				DEVELOPMENT_TEAM = QBSXFBQ697;
				GENERATE_INFOPLIST_FILE = YES;
				MARKETING_VERSION = 1.0;
				PRODUCT_BUNDLE_IDENTIFIER = andreyrozhkov.AndreyRozhkovScootersOnMapUITests;
				PRODUCT_NAME = "$(TARGET_NAME)";
				SWIFT_EMIT_LOC_STRINGS = NO;
				SWIFT_VERSION = 5.0;
				TARGETED_DEVICE_FAMILY = "1,2";
				TEST_TARGET_NAME = AndreyRozhkovScootersOnMap;
			};
			name = Release;
		};
/* End XCBuildConfiguration section */

/* Begin XCConfigurationList section */
		BA7990F6283C09BF0060C6E8 /* Build configuration list for PBXProject "AndreyRozhkovScootersOnMap" */ = {
			isa = XCConfigurationList;
			buildConfigurations = (
				BA79911D283C09C40060C6E8 /* Debug */,
				BA79911E283C09C40060C6E8 /* Release */,
			);
			defaultConfigurationIsVisible = 0;
			defaultConfigurationName = Release;
		};
		BA79911F283C09C40060C6E8 /* Build configuration list for PBXNativeTarget "AndreyRozhkovScootersOnMap" */ = {
			isa = XCConfigurationList;
			buildConfigurations = (
				BA799120283C09C40060C6E8 /* Debug */,
				BA799121283C09C40060C6E8 /* Release */,
			);
			defaultConfigurationIsVisible = 0;
			defaultConfigurationName = Release;
		};
		BA799122283C09C40060C6E8 /* Build configuration list for PBXNativeTarget "AndreyRozhkovScootersOnMapTests" */ = {
			isa = XCConfigurationList;
			buildConfigurations = (
				BA799123283C09C40060C6E8 /* Debug */,
				BA799124283C09C40060C6E8 /* Release */,
			);
			defaultConfigurationIsVisible = 0;
			defaultConfigurationName = Release;
		};
		BA799125283C09C40060C6E8 /* Build configuration list for PBXNativeTarget "AndreyRozhkovScootersOnMapUITests" */ = {
			isa = XCConfigurationList;
			buildConfigurations = (
				BA799126283C09C40060C6E8 /* Debug */,
				BA799127283C09C40060C6E8 /* Release */,
			);
			defaultConfigurationIsVisible = 0;
			defaultConfigurationName = Release;
		};
/* End XCConfigurationList section */
	};
	rootObject = BA7990F3283C09BF0060C6E8 /* Project object */;
}
